{
  "name": "hi",
  "version": "1.0.0",
  "lockfileVersion": 1,
  "requires": true,
  "dependencies": {
    "cac": {
      "version": "6.2.6",
      "resolved": "https://registry.npmjs.org/cac/-/cac-6.2.6.tgz",
      "integrity": "sha512-W6yDh/ZzSCjpSWSVfwPh8bD0uLeTdrI7Rf6KgYsuOH5UlYhhNJpf2seRsoGrJ9VH1PG4B/QPHxynvAhtRi1YeA==",
      "requires": {
        "mri": "^1.1.1"
      }
    },
    "mri": {
      "version": "1.1.1",
      "resolved": "https://registry.npmjs.org/mri/-/mri-1.1.1.tgz",
      "integrity": "sha1-haom09ru7t+A3FmEr5XMXKXK2fE="
    }
  }
}
